
Microsoft Visual Studio Solution File, Format Version 12.00
# Visual Studio Version 16
VisualStudioVersion = 16.0.30717.126
MinimumVisualStudioVersion = 10.0.40219.1
Project("{FAE04EC0-301F-11D3-BF4B-00C04F79EFBC}") = "kursachOOP", "kursachOOP\kursachOOP.csproj", "{DA39DE62-8CA2-45FA-BD20-67AC0DBA8E34}"
EndProject
Global
	GlobalSection(SolutionConfigurationPlatforms) = preSolution
		Debug|Any CPU = Debug|Any CPU
		Release|Any CPU = Release|Any CPU
	EndGlobalSection
	GlobalSection(ProjectConfigurationPlatforms) = postSolution
		{DA39DE62-8CA2-45FA-BD20-67AC0DBA8E34}.Debug|Any CPU.ActiveCfg = Debug|Any CPU
		{DA39DE62-8CA2-45FA-BD20-67AC0DBA8E34}.Debug|Any CPU.Build.0 = Debug|Any CPU
		{DA39DE62-8CA2-45FA-BD20-67AC0DBA8E34}.Release|Any CPU.ActiveCfg = Release|Any CPU
		{DA39DE62-8CA2-45FA-BD20-67AC0DBA8E34}.Release|Any CPU.Build.0 = Release|Any CPU
	EndGlobalSection
	GlobalSection(SolutionProperties) = preSolution
		HideSolutionNode = FALSE
	EndGlobalSection
	GlobalSection(ExtensibilityGlobals) = postSolution
		SolutionGuid = {A3FE6D23-DB4E-4B0F-849F-4DA4D74E8BC4}
	EndGlobalSection
EndGlobal
